
Microsoft Visual Studio Solution File, Format Version 12.00
# Visual Studio Version 16
VisualStudioVersion = 16.0.30413.136
MinimumVisualStudioVersion = 10.0.40219.1
Project("{FAE04EC0-301F-11D3-BF4B-00C04F79EFBC}") = "SfcOpServer", "SfcOpServer\SfcOpServer.csproj", "{B720FBC0-E689-41D7-9319-97FA6E019707}"
EndProject
Global
	GlobalSection(SolutionConfigurationPlatforms) = preSolution
		Debug|Any CPU = Debug|Any CPU
		Release|Any CPU = Release|Any CPU
	EndGlobalSection
	GlobalSection(ProjectConfigurationPlatforms) = postSolution
		{B720FBC0-E689-41D7-9319-97FA6E019707}.Debug|Any CPU.ActiveCfg = Debug|Any CPU
		{B720FBC0-E689-41D7-9319-97FA6E019707}.Debug|Any CPU.Build.0 = Debug|Any CPU
		{B720FBC0-E689-41D7-9319-97FA6E019707}.Release|Any CPU.ActiveCfg = Release|Any CPU
		{B720FBC0-E689-41D7-9319-97FA6E019707}.Release|Any CPU.Build.0 = Release|Any CPU
	EndGlobalSection
	GlobalSection(SolutionProperties) = preSolution
		HideSolutionNode = FALSE
	EndGlobalSection
	GlobalSection(ExtensibilityGlobals) = postSolution
		SolutionGuid = {39001C45-2512-4108-AD73-D7AD88A9CB4A}
	EndGlobalSection
EndGlobal
